
Microsoft Visual Studio Solution File, Format Version 12.00
# Visual Studio Version 16
VisualStudioVersion = 16.0.30309.148
MinimumVisualStudioVersion = 10.0.40219.1
Project("{8BC9CEB8-8B4A-11D0-8D11-00A0C91BC942}") = "BST", "BST\BST.vcxproj", "{BE93629B-10D8-4B4E-8046-C35162584A3E}"
EndProject
Project("{8BC9CEB8-8B4A-11D0-8D11-00A0C91BC942}") = "Graphs Adj Matrix", "Graphs\AdjacencyMatrix\AdjMatrix.vcxproj", "{C113E090-AEBB-481E-BDB0-8322507584AF}"
EndProject
Project("{8BC9CEB8-8B4A-11D0-8D11-00A0C91BC942}") = "Graphs Adjacency List", "Graphs\Adjacency List\Adjacency List.vcxproj", "{87093455-66D3-48CB-815E-F66449138765}"
EndProject
Project("{8BC9CEB8-8B4A-11D0-8D11-00A0C91BC942}") = "Graphs BFS", "Graphs\Graphs BFS\Graphs BFS.vcxproj", "{5D314164-14C5-41EE-B931-D4051C35878F}"
EndProject
Project("{8BC9CEB8-8B4A-11D0-8D11-00A0C91BC942}") = "Graphs DFS", "Graphs\Graphs DFS\Graphs DFS.vcxproj", "{D8E84015-ABBA-47F3-BDE4-B5E4AB285F33}"
EndProject
Project("{8BC9CEB8-8B4A-11D0-8D11-00A0C91BC942}") = "LinkedList", "LinkedList\LinkedList.vcxproj", "{E2077B87-7FD5-4030-B7B6-71CCDA201E3D}"
EndProject
Global
	GlobalSection(SolutionConfigurationPlatforms) = preSolution
		Debug|x64 = Debug|x64
		Release|x64 = Release|x64
	EndGlobalSection
	GlobalSection(ProjectConfigurationPlatforms) = postSolution
		{BE93629B-10D8-4B4E-8046-C35162584A3E}.Debug|x64.ActiveCfg = Debug|x64
		{BE93629B-10D8-4B4E-8046-C35162584A3E}.Debug|x64.Build.0 = Debug|x64
		{BE93629B-10D8-4B4E-8046-C35162584A3E}.Release|x64.ActiveCfg = Release|x64
		{BE93629B-10D8-4B4E-8046-C35162584A3E}.Release|x64.Build.0 = Release|x64
		{C113E090-AEBB-481E-BDB0-8322507584AF}.Debug|x64.ActiveCfg = Debug|x64
		{C113E090-AEBB-481E-BDB0-8322507584AF}.Debug|x64.Build.0 = Debug|x64
		{C113E090-AEBB-481E-BDB0-8322507584AF}.Release|x64.ActiveCfg = Release|x64
		{C113E090-AEBB-481E-BDB0-8322507584AF}.Release|x64.Build.0 = Release|x64
		{87093455-66D3-48CB-815E-F66449138765}.Debug|x64.ActiveCfg = Debug|x64
		{87093455-66D3-48CB-815E-F66449138765}.Debug|x64.Build.0 = Debug|x64
		{87093455-66D3-48CB-815E-F66449138765}.Release|x64.ActiveCfg = Release|x64
		{87093455-66D3-48CB-815E-F66449138765}.Release|x64.Build.0 = Release|x64
		{5D314164-14C5-41EE-B931-D4051C35878F}.Debug|x64.ActiveCfg = Debug|x64
		{5D314164-14C5-41EE-B931-D4051C35878F}.Debug|x64.Build.0 = Debug|x64
		{5D314164-14C5-41EE-B931-D4051C35878F}.Release|x64.ActiveCfg = Release|x64
		{5D314164-14C5-41EE-B931-D4051C35878F}.Release|x64.Build.0 = Release|x64
		{D8E84015-ABBA-47F3-BDE4-B5E4AB285F33}.Debug|x64.ActiveCfg = Debug|x64
		{D8E84015-ABBA-47F3-BDE4-B5E4AB285F33}.Debug|x64.Build.0 = Debug|x64
		{D8E84015-ABBA-47F3-BDE4-B5E4AB285F33}.Release|x64.ActiveCfg = Release|x64
		{D8E84015-ABBA-47F3-BDE4-B5E4AB285F33}.Release|x64.Build.0 = Release|x64
		{E2077B87-7FD5-4030-B7B6-71CCDA201E3D}.Debug|x64.ActiveCfg = Debug|x64
		{E2077B87-7FD5-4030-B7B6-71CCDA201E3D}.Debug|x64.Build.0 = Debug|x64
		{E2077B87-7FD5-4030-B7B6-71CCDA201E3D}.Release|x64.ActiveCfg = Release|x64
		{E2077B87-7FD5-4030-B7B6-71CCDA201E3D}.Release|x64.Build.0 = Release|x64
	EndGlobalSection
	GlobalSection(SolutionProperties) = preSolution
		HideSolutionNode = FALSE
	EndGlobalSection
	GlobalSection(ExtensibilityGlobals) = postSolution
		SolutionGuid = {D67D5D2A-A5EB-419C-ADDD-3F3B5DE19826}
	EndGlobalSection
EndGlobal
